github.com/gogf/gf v1.8.0 h1:IHFIJmcKdVB8x8heKllr+BIY/J02CpZE/5FMiGvGykY=
github.com/gogf/gf v1.8.0/go.mod h1:qJRcq0s3RskjJIZKsSHjZkpxw91rd0EAh+4CUbawbXQ=
github.com/gogf/gf-home v0.0.0-20190627110514-84ecab254b8b h1:wVlVmbmlFJngWqXut461OFCD5U+qPq5s8nHiYMj3lWY=
github.com/gogf/gf-home v0.0.0-20190627110514-84ecab254b8b/go.mod h1:Tz2v2NnVMXprJuApeRf6f7fMlbRNQMxnpjrER3Dx5d0=
